{
  "meteor": {},
  "dependencies": {
    "basePackages": {
      "router": {},
      "bootstrap-3": {},
      "font-awesome": {},
      "accounts-ui-bootstrap-3": {},
      "user-status": {},
      "moment": {}
    },
    "packages": {
      "router": {
        "git": "https://github.com/tmeasday/meteor-router.git",
        "tag": "v0.6.1",
        "commit": "8ec75fec7affdefc787d19f23b36fd6d1d44ef04"
      },
      "bootstrap-3": {
        "git": "https://github.com/mangasocial/meteor-bootstrap-3.git",
        "tag": "v3.2.0-1",
        "commit": "17a63902fc6cf1096c5289d963c66cf28b474727"
      },
      "font-awesome": {
        "git": "https://github.com/nate-strauser/meteor-font-awesome.git",
        "tag": "v4.1.0",
        "commit": "ce6b1e92715d1938babc5d69c655c17e387f5926"
      },
      "accounts-ui-bootstrap-3": {
        "git": "https://github.com/mangasocial/meteor-accounts-ui-bootstrap-3.git",
        "tag": "v0.3.3",
        "commit": "2e50b605d8d5ed68e48c4529a65f13552d8af3f9"
      },
      "user-status": {
        "git": "https://github.com/mizzao/meteor-user-status.git",
        "tag": "v0.6.0",
        "commit": "dba80d742522ac104f2155f1db852922e4249f96"
      },
      "moment": {
        "git": "https://github.com/acreeger/meteor-moment.git",
        "tag": "v2.6.0",
        "commit": "26156df681750fd6e6ed77043eef32b6653ebbdf"
      },
      "page-js-ie-support": {
        "git": "https://github.com/tmeasday/meteor-page-js-ie-support.git",
        "tag": "v1.3.5",
        "commit": "b99ed8380aefd10b2afc8f18d9eed4dd0d8ea9cb"
      },
      "HTML5-History-API": {
        "git": "https://github.com/tmeasday/meteor-HTML5-History-API.git",
        "tag": "v4.1.2",
        "commit": "b5fca79f9ae8936e5f748a04f475295f4fa1cc7a"
      },
      "timesync": {
        "git": "https://github.com/mizzao/meteor-timesync.git",
        "tag": "v0.2.1",
        "commit": "fa4abd511f4e32a3c5d22795ce2c1e8369428fac"
      }
    }
  }
}
